
Microsoft Visual Studio Solution File, Format Version 12.00
# Visual Studio Version 17
VisualStudioVersion = 17.7.34202.233
MinimumVisualStudioVersion = 10.0.40219.1
Project("{FAE04EC0-301F-11D3-BF4B-00C04F79EFBC}") = "Zdarzenia_kartkowka", "Zdarzenia_kartkowka.csproj", "{7F5CE71D-D79E-41F8-BE67-BE12B2357D1E}"
EndProject
Global
	GlobalSection(SolutionConfigurationPlatforms) = preSolution
		Debug|Any CPU = Debug|Any CPU
		Release|Any CPU = Release|Any CPU
	EndGlobalSection
	GlobalSection(ProjectConfigurationPlatforms) = postSolution
		{7F5CE71D-D79E-41F8-BE67-BE12B2357D1E}.Debug|Any CPU.ActiveCfg = Debug|Any CPU
		{7F5CE71D-D79E-41F8-BE67-BE12B2357D1E}.Debug|Any CPU.Build.0 = Debug|Any CPU
		{7F5CE71D-D79E-41F8-BE67-BE12B2357D1E}.Release|Any CPU.ActiveCfg = Release|Any CPU
		{7F5CE71D-D79E-41F8-BE67-BE12B2357D1E}.Release|Any CPU.Build.0 = Release|Any CPU
	EndGlobalSection
	GlobalSection(SolutionProperties) = preSolution
		HideSolutionNode = FALSE
	EndGlobalSection
	GlobalSection(ExtensibilityGlobals) = postSolution
		SolutionGuid = {CDB304DF-EC1F-45F3-A0AB-FA266229CE4A}
	EndGlobalSection
EndGlobal
