
Microsoft Visual Studio Solution File, Format Version 12.00
# Visual Studio Version 17
VisualStudioVersion = 17.11.35312.102
MinimumVisualStudioVersion = 10.0.40219.1
Project("{FAE04EC0-301F-11D3-BF4B-00C04F79EFBC}") = "Sprawdzian_interfejsy_gr2", "Sprawdzian_interfejsy_gr2.csproj", "{AFDBDA3F-87C5-4145-A0C4-E17D60DBE6F5}"
EndProject
Global
	GlobalSection(SolutionConfigurationPlatforms) = preSolution
		Debug|Any CPU = Debug|Any CPU
		Release|Any CPU = Release|Any CPU
	EndGlobalSection
	GlobalSection(ProjectConfigurationPlatforms) = postSolution
		{AFDBDA3F-87C5-4145-A0C4-E17D60DBE6F5}.Debug|Any CPU.ActiveCfg = Debug|Any CPU
		{AFDBDA3F-87C5-4145-A0C4-E17D60DBE6F5}.Debug|Any CPU.Build.0 = Debug|Any CPU
		{AFDBDA3F-87C5-4145-A0C4-E17D60DBE6F5}.Release|Any CPU.ActiveCfg = Release|Any CPU
		{AFDBDA3F-87C5-4145-A0C4-E17D60DBE6F5}.Release|Any CPU.Build.0 = Release|Any CPU
	EndGlobalSection
	GlobalSection(SolutionProperties) = preSolution
		HideSolutionNode = FALSE
	EndGlobalSection
	GlobalSection(ExtensibilityGlobals) = postSolution
		SolutionGuid = {CAFA34FB-A7EE-4EF7-A383-3F0EB97A020F}
	EndGlobalSection
EndGlobal
